
Microsoft Visual Studio Solution File, Format Version 12.00
# Visual Studio Version 17
VisualStudioVersion = 17.11.35312.102
MinimumVisualStudioVersion = 10.0.40219.1
Project("{FAE04EC0-301F-11D3-BF4B-00C04F79EFBC}") = "widowappIG", "widowappIG\widowappIG.csproj", "{E31F369E-BEC3-45E4-AE2B-0E585A8CB576}"
EndProject
Global
	GlobalSection(SolutionConfigurationPlatforms) = preSolution
		Debug|Any CPU = Debug|Any CPU
		Release|Any CPU = Release|Any CPU
	EndGlobalSection
	GlobalSection(ProjectConfigurationPlatforms) = postSolution
		{E31F369E-BEC3-45E4-AE2B-0E585A8CB576}.Debug|Any CPU.ActiveCfg = Debug|Any CPU
		{E31F369E-BEC3-45E4-AE2B-0E585A8CB576}.Debug|Any CPU.Build.0 = Debug|Any CPU
		{E31F369E-BEC3-45E4-AE2B-0E585A8CB576}.Release|Any CPU.ActiveCfg = Release|Any CPU
		{E31F369E-BEC3-45E4-AE2B-0E585A8CB576}.Release|Any CPU.Build.0 = Release|Any CPU
	EndGlobalSection
	GlobalSection(SolutionProperties) = preSolution
		HideSolutionNode = FALSE
	EndGlobalSection
	GlobalSection(ExtensibilityGlobals) = postSolution
		SolutionGuid = {F53F60D3-00C0-4D75-948F-8E34D4DF4DB6}
	EndGlobalSection
EndGlobal
